
Microsoft Visual Studio Solution File, Format Version 12.00
# Visual Studio Version 17
VisualStudioVersion = 17.14.36408.4
MinimumVisualStudioVersion = 10.0.40219.1
Project("{E53339B2-1760-4266-BCC7-CA923CBCF16C}") = "docker-compose", "docker-compose.dcproj", "{81DDED9D-158B-E303-5F62-77A2896D2A5A}"
EndProject
Project("{2150E333-8FDC-42A3-9474-1A3956D46DE8}") = "Solution Items", "Solution Items", "{8EC462FD-D22E-90A8-E5CE-7E832BA40C5D}"
	ProjectSection(SolutionItems) = preProject
		.config\dotnet-tools.json = .config\dotnet-tools.json
		.husky\task-runner.json = .husky\task-runner.json
	EndProjectSection
EndProject
Project("{2150E333-8FDC-42A3-9474-1A3956D46DE8}") = "src", "src", "{02EA681E-C7D8-13C7-8484-4AC65E1B71E8}"
EndProject
Project("{FAE04EC0-301F-11D3-BF4B-00C04F79EFBC}") = "OrderApp.Main.Api.Domain", "src\OrderApp.Main.Api.Domain\OrderApp.Main.Api.Domain.csproj", "{62D87B5B-9D49-08EC-BD13-F13219E5A2A7}"
EndProject
Project("{FAE04EC0-301F-11D3-BF4B-00C04F79EFBC}") = "OrderApp.Main.Api.Application", "src\OrderApp.Main.Api.Application\OrderApp.Main.Api.Application.csproj", "{9FE99058-1618-B95A-6961-81E3CB60EC37}"
EndProject
Project("{FAE04EC0-301F-11D3-BF4B-00C04F79EFBC}") = "OrderApp.Main.Api.Infrastructure", "src\OrderApp.Main.Api.Infrastructure\OrderApp.Main.Api.Infrastructure.csproj", "{67A77A64-1ABB-A37E-D941-A336525981D4}"
EndProject
Project("{FAE04EC0-301F-11D3-BF4B-00C04F79EFBC}") = "OrderApp.Main.Api.WebApi", "src\OrderApp.Main.Api.WebApi\OrderApp.Main.Api.WebApi.csproj", "{165BB401-30F0-493F-7710-24B2A6626423}"
EndProject
Project("{FAE04EC0-301F-11D3-BF4B-00C04F79EFBC}") = "OrderApp.Main.Api.Jobs", "src\OrderApp.Main.Api.Jobs\OrderApp.Main.Api.Jobs.csproj", "{1F4EE027-F026-2857-6C66-6A28742DB578}"
EndProject
Project("{FAE04EC0-301F-11D3-BF4B-00C04F79EFBC}") = "OrderApp.Main.Api.DbMigrations", "src\OrderApp.Main.Api.DbMigrations\OrderApp.Main.Api.DbMigrations.csproj", "{CFB578E9-EAC1-4905-8BD1-475FC8F2C722}"
EndProject
Project("{2150E333-8FDC-42A3-9474-1A3956D46DE8}") = "tests", "tests", "{B5CC8C69-285A-4F99-862B-C655466F3BA4}"
	ProjectSection(SolutionItems) = preProject
		tests\products-test-data.json = tests\products-test-data.json
	EndProjectSection
EndProject
Global
	GlobalSection(SolutionConfigurationPlatforms) = preSolution
		Debug|Any CPU = Debug|Any CPU
		Release|Any CPU = Release|Any CPU
	EndGlobalSection
	GlobalSection(ProjectConfigurationPlatforms) = postSolution
		{81DDED9D-158B-E303-5F62-77A2896D2A5A}.Debug|Any CPU.ActiveCfg = Debug|Any CPU
		{81DDED9D-158B-E303-5F62-77A2896D2A5A}.Debug|Any CPU.Build.0 = Debug|Any CPU
		{81DDED9D-158B-E303-5F62-77A2896D2A5A}.Release|Any CPU.ActiveCfg = Release|Any CPU
		{81DDED9D-158B-E303-5F62-77A2896D2A5A}.Release|Any CPU.Build.0 = Release|Any CPU
		{62D87B5B-9D49-08EC-BD13-F13219E5A2A7}.Debug|Any CPU.ActiveCfg = Debug|Any CPU
		{62D87B5B-9D49-08EC-BD13-F13219E5A2A7}.Debug|Any CPU.Build.0 = Debug|Any CPU
		{62D87B5B-9D49-08EC-BD13-F13219E5A2A7}.Release|Any CPU.ActiveCfg = Release|Any CPU
		{62D87B5B-9D49-08EC-BD13-F13219E5A2A7}.Release|Any CPU.Build.0 = Release|Any CPU
		{9FE99058-1618-B95A-6961-81E3CB60EC37}.Debug|Any CPU.ActiveCfg = Debug|Any CPU
		{9FE99058-1618-B95A-6961-81E3CB60EC37}.Debug|Any CPU.Build.0 = Debug|Any CPU
		{9FE99058-1618-B95A-6961-81E3CB60EC37}.Release|Any CPU.ActiveCfg = Release|Any CPU
		{9FE99058-1618-B95A-6961-81E3CB60EC37}.Release|Any CPU.Build.0 = Release|Any CPU
		{67A77A64-1ABB-A37E-D941-A336525981D4}.Debug|Any CPU.ActiveCfg = Debug|Any CPU
		{67A77A64-1ABB-A37E-D941-A336525981D4}.Debug|Any CPU.Build.0 = Debug|Any CPU
		{67A77A64-1ABB-A37E-D941-A336525981D4}.Release|Any CPU.ActiveCfg = Release|Any CPU
		{67A77A64-1ABB-A37E-D941-A336525981D4}.Release|Any CPU.Build.0 = Release|Any CPU
		{165BB401-30F0-493F-7710-24B2A6626423}.Debug|Any CPU.ActiveCfg = Debug|Any CPU
		{165BB401-30F0-493F-7710-24B2A6626423}.Debug|Any CPU.Build.0 = Debug|Any CPU
		{165BB401-30F0-493F-7710-24B2A6626423}.Release|Any CPU.ActiveCfg = Release|Any CPU
		{165BB401-30F0-493F-7710-24B2A6626423}.Release|Any CPU.Build.0 = Release|Any CPU
		{1F4EE027-F026-2857-6C66-6A28742DB578}.Debug|Any CPU.ActiveCfg = Debug|Any CPU
		{1F4EE027-F026-2857-6C66-6A28742DB578}.Debug|Any CPU.Build.0 = Debug|Any CPU
		{1F4EE027-F026-2857-6C66-6A28742DB578}.Release|Any CPU.ActiveCfg = Release|Any CPU
		{1F4EE027-F026-2857-6C66-6A28742DB578}.Release|Any CPU.Build.0 = Release|Any CPU
		{CFB578E9-EAC1-4905-8BD1-475FC8F2C722}.Debug|Any CPU.ActiveCfg = Debug|Any CPU
		{CFB578E9-EAC1-4905-8BD1-475FC8F2C722}.Debug|Any CPU.Build.0 = Debug|Any CPU
		{CFB578E9-EAC1-4905-8BD1-475FC8F2C722}.Release|Any CPU.ActiveCfg = Release|Any CPU
		{CFB578E9-EAC1-4905-8BD1-475FC8F2C722}.Release|Any CPU.Build.0 = Release|Any CPU
	EndGlobalSection
	GlobalSection(SolutionProperties) = preSolution
		HideSolutionNode = FALSE
	EndGlobalSection
	GlobalSection(NestedProjects) = preSolution
		{62D87B5B-9D49-08EC-BD13-F13219E5A2A7} = {02EA681E-C7D8-13C7-8484-4AC65E1B71E8}
		{9FE99058-1618-B95A-6961-81E3CB60EC37} = {02EA681E-C7D8-13C7-8484-4AC65E1B71E8}
		{67A77A64-1ABB-A37E-D941-A336525981D4} = {02EA681E-C7D8-13C7-8484-4AC65E1B71E8}
		{165BB401-30F0-493F-7710-24B2A6626423} = {02EA681E-C7D8-13C7-8484-4AC65E1B71E8}
		{1F4EE027-F026-2857-6C66-6A28742DB578} = {02EA681E-C7D8-13C7-8484-4AC65E1B71E8}
		{CFB578E9-EAC1-4905-8BD1-475FC8F2C722} = {02EA681E-C7D8-13C7-8484-4AC65E1B71E8}
	EndGlobalSection
	GlobalSection(ExtensibilityGlobals) = postSolution
		SolutionGuid = {865AB8D8-7116-4102-8299-1DB4768C9E7D}
	EndGlobalSection
EndGlobal
