{
  "version": 1,
  "dependencies": {
    "net9.0": {
      "Microsoft.AspNetCore.OpenApi": {
        "type": "Direct",
        "requested": "[9.0.8, )",
        "resolved": "9.0.8",
        "contentHash": "BwF9sQCKmvu93C/pmKxJjPhF5fFB23MEcgTsGL+7W3wKLYawS4lyFSL5/qh00IJzuADLf+1SmvxMaphbyZYqQQ==",
        "dependencies": {
          "Microsoft.OpenApi": "1.6.17"
        }
      },
      "Microsoft.VisualStudio.Azure.Containers.Tools.Targets": {
        "type": "Direct",
        "requested": "[1.22.1, )",
        "resolved": "1.22.1",
        "contentHash": "EfYANhAWqmWKoLwN6bxoiPZSOfJSO9lzX+UrU6GVhLhPub1Hd+5f0zL0/tggIA6mRz6Ebw2xCNcIsM4k+7NPng=="
      },
      "Microsoft.OpenApi": {
        "type": "Transitive",
        "resolved": "1.6.17",
        "contentHash": "Le+kehlmrlQfuDFUt1zZ2dVwrhFQtKREdKBo+rexOwaCoYP0/qpgT9tLxCsZjsgR5Itk1UKPcbgO+FyaNid/bA=="
      },
      "orderapp.main.api.application": {
        "type": "Project",
        "dependencies": {
          "OrderApp.Main.Api.Domain": "[1.0.0, )"
        }
      },
      "orderapp.main.api.domain": {
        "type": "Project"
      },
      "orderapp.main.api.infrastructure": {
        "type": "Project",
        "dependencies": {
          "OrderApp.Main.Api.Application": "[1.0.0, )",
          "OrderApp.Main.Api.Domain": "[1.0.0, )"
        }
      }
    }
  }
}